
Microsoft Visual Studio Solution File, Format Version 12.00
# Visual Studio Express 2012 for Windows Desktop
Project("{FAE04EC0-301F-11D3-BF4B-00C04F79EFBC}") = "TTT", "TTT\TTT.csproj", "{6C7F4FB0-04D9-45B3-8BE0-660B12505A07}"
EndProject
Global
	GlobalSection(SolutionConfigurationPlatforms) = preSolution
		Debug|Any CPU = Debug|Any CPU
		Release|Any CPU = Release|Any CPU
	EndGlobalSection
	GlobalSection(ProjectConfigurationPlatforms) = postSolution
		{6C7F4FB0-04D9-45B3-8BE0-660B12505A07}.Debug|Any CPU.ActiveCfg = Debug|Any CPU
		{6C7F4FB0-04D9-45B3-8BE0-660B12505A07}.Debug|Any CPU.Build.0 = Debug|Any CPU
		{6C7F4FB0-04D9-45B3-8BE0-660B12505A07}.Release|Any CPU.ActiveCfg = Release|Any CPU
		{6C7F4FB0-04D9-45B3-8BE0-660B12505A07}.Release|Any CPU.Build.0 = Release|Any CPU
	EndGlobalSection
	GlobalSection(SolutionProperties) = preSolution
		HideSolutionNode = FALSE
	EndGlobalSection
EndGlobal
